
Microsoft Visual Studio Solution File, Format Version 12.00
# Visual Studio for Mac
Project("{FAE04EC0-301F-11D3-BF4B-00C04F79EFBC}") = "TimeSaverSoundManager", "TimeSaverSoundManager.csproj", "{5FC4B81A-0558-D457-908E-5185B25E01EB}"
EndProject
Project("{FAE04EC0-301F-11D3-BF4B-00C04F79EFBC}") = "TimeSaverSoundManager.Editor", "TimeSaverSoundManager.Editor.csproj", "{AFC8796F-A3E8-F490-5F71-E2F103A8175B}"
EndProject
Global
	GlobalSection(SolutionConfigurationPlatforms) = preSolution
		Debug|Any CPU = Debug|Any CPU
		Release|Any CPU = Release|Any CPU
	EndGlobalSection
	GlobalSection(ProjectConfigurationPlatforms) = postSolution
		{5FC4B81A-0558-D457-908E-5185B25E01EB}.Debug|Any CPU.ActiveCfg = Debug|Any CPU
		{5FC4B81A-0558-D457-908E-5185B25E01EB}.Debug|Any CPU.Build.0 = Debug|Any CPU
		{5FC4B81A-0558-D457-908E-5185B25E01EB}.Release|Any CPU.ActiveCfg = Release|Any CPU
		{5FC4B81A-0558-D457-908E-5185B25E01EB}.Release|Any CPU.Build.0 = Release|Any CPU
		{AFC8796F-A3E8-F490-5F71-E2F103A8175B}.Debug|Any CPU.ActiveCfg = Debug|Any CPU
		{AFC8796F-A3E8-F490-5F71-E2F103A8175B}.Debug|Any CPU.Build.0 = Debug|Any CPU
		{AFC8796F-A3E8-F490-5F71-E2F103A8175B}.Release|Any CPU.ActiveCfg = Release|Any CPU
		{AFC8796F-A3E8-F490-5F71-E2F103A8175B}.Release|Any CPU.Build.0 = Release|Any CPU
	EndGlobalSection
	GlobalSection(SolutionProperties) = preSolution
		HideSolutionNode = FALSE
	EndGlobalSection
EndGlobal
